
Microsoft Visual Studio Solution File, Format Version 12.00
# Visual Studio 2012
Project("{FAE04EC0-301F-11D3-BF4B-00C04F79EFBC}") = "CrystalQuickStart", "CrystalQuickStart\CrystalQuickStart.csproj", "{DF56473E-1AC9-4708-82EB-7CAD534CCF19}"
EndProject
Global
	GlobalSection(SolutionConfigurationPlatforms) = preSolution
		Debug|x86 = Debug|x86
		Release|x86 = Release|x86
	EndGlobalSection
	GlobalSection(ProjectConfigurationPlatforms) = postSolution
		{DF56473E-1AC9-4708-82EB-7CAD534CCF19}.Debug|x86.ActiveCfg = Debug|x86
		{DF56473E-1AC9-4708-82EB-7CAD534CCF19}.Debug|x86.Build.0 = Debug|x86
		{DF56473E-1AC9-4708-82EB-7CAD534CCF19}.Release|x86.ActiveCfg = Release|x86
		{DF56473E-1AC9-4708-82EB-7CAD534CCF19}.Release|x86.Build.0 = Release|x86
	EndGlobalSection
EndGlobal
